
Microsoft Visual Studio Solution File, Format Version 12.00
# Visual Studio Version 16
VisualStudioVersion = 16.0.29411.108
MinimumVisualStudioVersion = 10.0.40219.1
Project("{FAE04EC0-301F-11D3-BF4B-00C04F79EFBC}") = "TwitterDealer", "TwitterDealer\TwitterDealer.csproj", "{9FFBEC8D-40D4-42D4-97F3-3B8E455C9D0C}"
EndProject
Global
	GlobalSection(SolutionConfigurationPlatforms) = preSolution
		Debug|Any CPU = Debug|Any CPU
		Release|Any CPU = Release|Any CPU
	EndGlobalSection
	GlobalSection(ProjectConfigurationPlatforms) = postSolution
		{9FFBEC8D-40D4-42D4-97F3-3B8E455C9D0C}.Debug|Any CPU.ActiveCfg = Debug|Any CPU
		{9FFBEC8D-40D4-42D4-97F3-3B8E455C9D0C}.Debug|Any CPU.Build.0 = Debug|Any CPU
		{9FFBEC8D-40D4-42D4-97F3-3B8E455C9D0C}.Release|Any CPU.ActiveCfg = Release|Any CPU
		{9FFBEC8D-40D4-42D4-97F3-3B8E455C9D0C}.Release|Any CPU.Build.0 = Release|Any CPU
	EndGlobalSection
	GlobalSection(SolutionProperties) = preSolution
		HideSolutionNode = FALSE
	EndGlobalSection
	GlobalSection(ExtensibilityGlobals) = postSolution
		SolutionGuid = {0835DA76-284A-48D0-992D-F23717D4C49D}
	EndGlobalSection
EndGlobal
